{
  "name": "vscode-styled-components-extension-prototype",
  "version": "0.0.1",
  "lockfileVersion": 1,
  "requires": true,
  "dependencies": {
    "typescript-styled-plugin": {
      "version": "0.2.0",
      "resolved": "https://registry.npmjs.org/typescript-styled-plugin/-/typescript-styled-plugin-0.2.0.tgz",
      "integrity": "sha512-f/2zuPxe1ncI9l+ucD5cfPZmD1csoRknTmKJrvld5dRQWRnz8NvHXBAK8DcHiIGcWXLFWYw7pJ9pleHPNI+ZdA==",
      "requires": {
        "typescript-template-language-service-decorator": "1.0.1",
        "vscode-css-languageservice": "2.1.11",
        "vscode-languageserver-types": "3.5.0"
      }
    },
    "typescript-template-language-service-decorator": {
      "version": "1.0.1",
      "resolved": "https://registry.npmjs.org/typescript-template-language-service-decorator/-/typescript-template-language-service-decorator-1.0.1.tgz",
      "integrity": "sha512-3yWrgTDNEQigczKw1ssJJHub4EbZONAbnZXXIuH6KgVgihb12jlEezImPmxlbhml+Eg+W1Cvj0IrkL7p4Efkxw=="
    },
    "vscode-css-languageservice": {
      "version": "2.1.11",
      "resolved": "https://registry.npmjs.org/vscode-css-languageservice/-/vscode-css-languageservice-2.1.11.tgz",
      "integrity": "sha1-BRrZaB1Qzu5fg6IBQsjGWagBHt4=",
      "requires": {
        "vscode-languageserver-types": "3.5.0",
        "vscode-nls": "2.0.2"
      }
    },
    "vscode-languageserver-types": {
      "version": "3.5.0",
      "resolved": "https://registry.npmjs.org/vscode-languageserver-types/-/vscode-languageserver-types-3.5.0.tgz",
      "integrity": "sha1-5I15li8LjgLelV4/UkkI4rGcA3Q="
    },
    "vscode-nls": {
      "version": "2.0.2",
      "resolved": "https://registry.npmjs.org/vscode-nls/-/vscode-nls-2.0.2.tgz",
      "integrity": "sha1-gIUiOAhEuK0VNJmvXDsDkhrqAto="
    }
  }
}
